
Microsoft Visual Studio Solution File, Format Version 12.00
# Visual Studio Version 17
VisualStudioVersion = 17.3.32825.248
MinimumVisualStudioVersion = 10.0.40219.1
Project("{9A19103F-16F7-4668-BE54-9A1E7A4F7556}") = "ListKaryawanAPI", "ListKaryawanAPI\ListKaryawanAPI.csproj", "{83668D93-32BA-4529-B3BE-F492F4907C3D}"
EndProject
Project("{FAE04EC0-301F-11D3-BF4B-00C04F79EFBC}") = "ListKaryawanAPP", "ListKaryawanAPP\ListKaryawanAPP.csproj", "{75A41AA2-B098-4371-AA70-D93D7BEFEB4E}"
EndProject
Global
	GlobalSection(SolutionConfigurationPlatforms) = preSolution
		Debug|Any CPU = Debug|Any CPU
		Release|Any CPU = Release|Any CPU
	EndGlobalSection
	GlobalSection(ProjectConfigurationPlatforms) = postSolution
		{83668D93-32BA-4529-B3BE-F492F4907C3D}.Debug|Any CPU.ActiveCfg = Debug|Any CPU
		{83668D93-32BA-4529-B3BE-F492F4907C3D}.Debug|Any CPU.Build.0 = Debug|Any CPU
		{83668D93-32BA-4529-B3BE-F492F4907C3D}.Release|Any CPU.ActiveCfg = Release|Any CPU
		{83668D93-32BA-4529-B3BE-F492F4907C3D}.Release|Any CPU.Build.0 = Release|Any CPU
		{75A41AA2-B098-4371-AA70-D93D7BEFEB4E}.Debug|Any CPU.ActiveCfg = Debug|Any CPU
		{75A41AA2-B098-4371-AA70-D93D7BEFEB4E}.Debug|Any CPU.Build.0 = Debug|Any CPU
		{75A41AA2-B098-4371-AA70-D93D7BEFEB4E}.Release|Any CPU.ActiveCfg = Release|Any CPU
		{75A41AA2-B098-4371-AA70-D93D7BEFEB4E}.Release|Any CPU.Build.0 = Release|Any CPU
	EndGlobalSection
	GlobalSection(SolutionProperties) = preSolution
		HideSolutionNode = FALSE
	EndGlobalSection
	GlobalSection(ExtensibilityGlobals) = postSolution
		SolutionGuid = {15153C6A-DA9C-4F83-A890-F6AAC7DAC4A9}
	EndGlobalSection
EndGlobal
